
Microsoft Visual Studio Solution File, Format Version 12.00
# Visual Studio Version 17
VisualStudioVersion = 17.3.32804.467
MinimumVisualStudioVersion = 10.0.40219.1
Project("{2150E333-8FDC-42A3-9474-1A3956D46DE8}") = "1-BuildingBlocks", "1-BuildingBlocks", "{C88E1AEF-CB27-43F6-BAD6-45A6A2526E4F}"
EndProject
Project("{2150E333-8FDC-42A3-9474-1A3956D46DE8}") = "2-Services", "2-Services", "{A8EA8536-2F68-409F-ADFE-0DA3222E1D10}"
EndProject
Project("{2150E333-8FDC-42A3-9474-1A3956D46DE8}") = "3-Clients", "3-Clients", "{C310E25C-FB9D-48D0-968C-7E30F0E21A15}"
EndProject
Project("{2150E333-8FDC-42A3-9474-1A3956D46DE8}") = "4-Tests", "4-Tests", "{993CB241-8702-4964-B13C-A2EF220486D7}"
EndProject
Project("{FAE04EC0-301F-11D3-BF4B-00C04F79EFBC}") = "Contracts", "src\1-BuildingBlocks\Contracts\Contracts.csproj", "{77DDCBE8-98F1-4058-9A03-21F391521CD7}"
EndProject
Global
	GlobalSection(SolutionConfigurationPlatforms) = preSolution
		Debug|Any CPU = Debug|Any CPU
		Release|Any CPU = Release|Any CPU
	EndGlobalSection
	GlobalSection(ProjectConfigurationPlatforms) = postSolution
		{77DDCBE8-98F1-4058-9A03-21F391521CD7}.Debug|Any CPU.ActiveCfg = Debug|Any CPU
		{77DDCBE8-98F1-4058-9A03-21F391521CD7}.Debug|Any CPU.Build.0 = Debug|Any CPU
		{77DDCBE8-98F1-4058-9A03-21F391521CD7}.Release|Any CPU.ActiveCfg = Release|Any CPU
		{77DDCBE8-98F1-4058-9A03-21F391521CD7}.Release|Any CPU.Build.0 = Release|Any CPU
	EndGlobalSection
	GlobalSection(SolutionProperties) = preSolution
		HideSolutionNode = FALSE
	EndGlobalSection
	GlobalSection(NestedProjects) = preSolution
		{77DDCBE8-98F1-4058-9A03-21F391521CD7} = {C88E1AEF-CB27-43F6-BAD6-45A6A2526E4F}
	EndGlobalSection
	GlobalSection(ExtensibilityGlobals) = postSolution
		SolutionGuid = {29ADAA87-05C2-4538-9CAF-433A7D4F0F75}
	EndGlobalSection
EndGlobal
