
Microsoft Visual Studio Solution File, Format Version 12.00
# Visual Studio Version 17
VisualStudioVersion = 17.3.32804.467
MinimumVisualStudioVersion = 10.0.40219.1
Project("{2150E333-8FDC-42A3-9474-1A3956D46DE8}") = "1-BuildingBlocks", "1-BuildingBlocks", "{C88E1AEF-CB27-43F6-BAD6-45A6A2526E4F}"
EndProject
Project("{2150E333-8FDC-42A3-9474-1A3956D46DE8}") = "2-Services", "2-Services", "{A8EA8536-2F68-409F-ADFE-0DA3222E1D10}"
EndProject
Project("{2150E333-8FDC-42A3-9474-1A3956D46DE8}") = "3-Clients", "3-Clients", "{C310E25C-FB9D-48D0-968C-7E30F0E21A15}"
EndProject
Project("{2150E333-8FDC-42A3-9474-1A3956D46DE8}") = "4-Tests", "4-Tests", "{993CB241-8702-4964-B13C-A2EF220486D7}"
EndProject
Project("{FAE04EC0-301F-11D3-BF4B-00C04F79EFBC}") = "Contracts", "src\1-BuildingBlocks\Contracts\Contracts.csproj", "{77DDCBE8-98F1-4058-9A03-21F391521CD7}"
EndProject
Project("{2150E333-8FDC-42A3-9474-1A3956D46DE8}") = "Consumptions.Server", "Consumptions.Server", "{135CFBA2-4CAB-4014-984A-7ADCF7BE81DE}"
EndProject
Project("{2150E333-8FDC-42A3-9474-1A3956D46DE8}") = "Consumptions.Client", "Consumptions.Client", "{C8EB52EC-DB56-4613-B170-BE85973ED1D6}"
EndProject
Project("{2150E333-8FDC-42A3-9474-1A3956D46DE8}") = "API", "API", "{E7A64640-5F0F-4DAE-B5C6-906D249C9A4E}"
EndProject
Project("{2150E333-8FDC-42A3-9474-1A3956D46DE8}") = "Tests", "Tests", "{E437C895-410A-4C49-A6FB-CAB27BED89D7}"
EndProject
Project("{FAE04EC0-301F-11D3-BF4B-00C04F79EFBC}") = "Consumptions.Server.Api", "src\2-Services\Consumptions.Server\Api\Consumptions.Server.Api\Consumptions.Server.Api.csproj", "{0FB6E70B-7D11-4B10-9A07-8BD9929D369D}"
EndProject
Project("{FAE04EC0-301F-11D3-BF4B-00C04F79EFBC}") = "Consumptions.Server.Tests.Integration", "src\2-Services\Consumptions.Server\Tests\Consumptions.Server.Tests.Integration\Consumptions.Server.Tests.Integration.csproj", "{7C16653F-D347-4099-A069-EF10AB7438D7}"
EndProject
Project("{FAE04EC0-301F-11D3-BF4B-00C04F79EFBC}") = "Consumptions.Client.Api", "src\2-Services\Consumptions.Client\Api\Consumptions.Client.Api\Consumptions.Client.Api.csproj", "{FCBEF3B1-25FF-4755-A044-B36322065E8F}"
EndProject
Project("{2150E333-8FDC-42A3-9474-1A3956D46DE8}") = "Api", "Api", "{07FB0D06-7756-492C-81AD-36278818CEDB}"
EndProject
Project("{2150E333-8FDC-42A3-9474-1A3956D46DE8}") = "Tests", "Tests", "{398D9CF7-98A6-41E6-965C-0D50C6B986C3}"
EndProject
Project("{FAE04EC0-301F-11D3-BF4B-00C04F79EFBC}") = "Consumptions.Client.Tests.Integration", "src\2-Services\Consumptions.Client\Tests\Consumptions.Client.Tests.Integration\Consumptions.Client.Tests.Integration.csproj", "{47B87351-E648-49D6-BD7D-E61F4F7173DD}"
EndProject
Project("{FAE04EC0-301F-11D3-BF4B-00C04F79EFBC}") = "Dashboard", "src\3-Clients\Dashboard\Dashboard.csproj", "{CD947782-D52A-442D-9189-63BD3C996005}"
EndProject
Global
	GlobalSection(SolutionConfigurationPlatforms) = preSolution
		Debug|Any CPU = Debug|Any CPU
		Release|Any CPU = Release|Any CPU
	EndGlobalSection
	GlobalSection(ProjectConfigurationPlatforms) = postSolution
		{77DDCBE8-98F1-4058-9A03-21F391521CD7}.Debug|Any CPU.ActiveCfg = Debug|Any CPU
		{77DDCBE8-98F1-4058-9A03-21F391521CD7}.Debug|Any CPU.Build.0 = Debug|Any CPU
		{77DDCBE8-98F1-4058-9A03-21F391521CD7}.Release|Any CPU.ActiveCfg = Release|Any CPU
		{77DDCBE8-98F1-4058-9A03-21F391521CD7}.Release|Any CPU.Build.0 = Release|Any CPU
		{0FB6E70B-7D11-4B10-9A07-8BD9929D369D}.Debug|Any CPU.ActiveCfg = Debug|Any CPU
		{0FB6E70B-7D11-4B10-9A07-8BD9929D369D}.Debug|Any CPU.Build.0 = Debug|Any CPU
		{0FB6E70B-7D11-4B10-9A07-8BD9929D369D}.Release|Any CPU.ActiveCfg = Release|Any CPU
		{0FB6E70B-7D11-4B10-9A07-8BD9929D369D}.Release|Any CPU.Build.0 = Release|Any CPU
		{7C16653F-D347-4099-A069-EF10AB7438D7}.Debug|Any CPU.ActiveCfg = Debug|Any CPU
		{7C16653F-D347-4099-A069-EF10AB7438D7}.Debug|Any CPU.Build.0 = Debug|Any CPU
		{7C16653F-D347-4099-A069-EF10AB7438D7}.Release|Any CPU.ActiveCfg = Release|Any CPU
		{7C16653F-D347-4099-A069-EF10AB7438D7}.Release|Any CPU.Build.0 = Release|Any CPU
		{FCBEF3B1-25FF-4755-A044-B36322065E8F}.Debug|Any CPU.ActiveCfg = Debug|Any CPU
		{FCBEF3B1-25FF-4755-A044-B36322065E8F}.Debug|Any CPU.Build.0 = Debug|Any CPU
		{FCBEF3B1-25FF-4755-A044-B36322065E8F}.Release|Any CPU.ActiveCfg = Release|Any CPU
		{FCBEF3B1-25FF-4755-A044-B36322065E8F}.Release|Any CPU.Build.0 = Release|Any CPU
		{47B87351-E648-49D6-BD7D-E61F4F7173DD}.Debug|Any CPU.ActiveCfg = Debug|Any CPU
		{47B87351-E648-49D6-BD7D-E61F4F7173DD}.Debug|Any CPU.Build.0 = Debug|Any CPU
		{47B87351-E648-49D6-BD7D-E61F4F7173DD}.Release|Any CPU.ActiveCfg = Release|Any CPU
		{47B87351-E648-49D6-BD7D-E61F4F7173DD}.Release|Any CPU.Build.0 = Release|Any CPU
		{CD947782-D52A-442D-9189-63BD3C996005}.Debug|Any CPU.ActiveCfg = Debug|Any CPU
		{CD947782-D52A-442D-9189-63BD3C996005}.Debug|Any CPU.Build.0 = Debug|Any CPU
		{CD947782-D52A-442D-9189-63BD3C996005}.Release|Any CPU.ActiveCfg = Release|Any CPU
		{CD947782-D52A-442D-9189-63BD3C996005}.Release|Any CPU.Build.0 = Release|Any CPU
	EndGlobalSection
	GlobalSection(SolutionProperties) = preSolution
		HideSolutionNode = FALSE
	EndGlobalSection
	GlobalSection(NestedProjects) = preSolution
		{77DDCBE8-98F1-4058-9A03-21F391521CD7} = {C88E1AEF-CB27-43F6-BAD6-45A6A2526E4F}
		{135CFBA2-4CAB-4014-984A-7ADCF7BE81DE} = {A8EA8536-2F68-409F-ADFE-0DA3222E1D10}
		{C8EB52EC-DB56-4613-B170-BE85973ED1D6} = {A8EA8536-2F68-409F-ADFE-0DA3222E1D10}
		{E7A64640-5F0F-4DAE-B5C6-906D249C9A4E} = {135CFBA2-4CAB-4014-984A-7ADCF7BE81DE}
		{E437C895-410A-4C49-A6FB-CAB27BED89D7} = {135CFBA2-4CAB-4014-984A-7ADCF7BE81DE}
		{0FB6E70B-7D11-4B10-9A07-8BD9929D369D} = {E7A64640-5F0F-4DAE-B5C6-906D249C9A4E}
		{7C16653F-D347-4099-A069-EF10AB7438D7} = {E437C895-410A-4C49-A6FB-CAB27BED89D7}
		{FCBEF3B1-25FF-4755-A044-B36322065E8F} = {07FB0D06-7756-492C-81AD-36278818CEDB}
		{07FB0D06-7756-492C-81AD-36278818CEDB} = {C8EB52EC-DB56-4613-B170-BE85973ED1D6}
		{398D9CF7-98A6-41E6-965C-0D50C6B986C3} = {C8EB52EC-DB56-4613-B170-BE85973ED1D6}
		{47B87351-E648-49D6-BD7D-E61F4F7173DD} = {398D9CF7-98A6-41E6-965C-0D50C6B986C3}
		{CD947782-D52A-442D-9189-63BD3C996005} = {C310E25C-FB9D-48D0-968C-7E30F0E21A15}
	EndGlobalSection
	GlobalSection(ExtensibilityGlobals) = postSolution
		SolutionGuid = {29ADAA87-05C2-4538-9CAF-433A7D4F0F75}
	EndGlobalSection
EndGlobal
